// !$*UTF8*$!
{
	archiveVersion = 1;
	classes = {
	};
	objectVersion = 56;
	objects = {

/* Begin PBXBuildFile section */
		E00143102B5DC0FC00EE7D0C /* SearchAndFilterBar.swift in Sources */ = {isa = PBXBuildFile; fileRef = E001430F2B5DC0FC00EE7D0C /* SearchAndFilterBar.swift */; };
		E00143122B5DC66900EE7D0C /* ListingDetailView.swift in Sources */ = {isa = PBXBuildFile; fileRef = E00143112B5DC66900EE7D0C /* ListingDetailView.swift */; };
		E00143152B5DC7BC00EE7D0C /* ListingImageCarouselView.swift in Sources */ = {isa = PBXBuildFile; fileRef = E00143142B5DC7BC00EE7D0C /* ListingImageCarouselView.swift */; };
		E00143172B5DCA3100EE7D0C /* RatingView.swift in Sources */ = {isa = PBXBuildFile; fileRef = E00143162B5DCA3100EE7D0C /* RatingView.swift */; };
		E00143192B5DCFFF00EE7D0C /* LeadingEdgeModifier.swift in Sources */ = {isa = PBXBuildFile; fileRef = E00143182B5DCFFF00EE7D0C /* LeadingEdgeModifier.swift */; };
		E01E42F72B5D9E3A00C93B28 /* AirbnbApp.swift in Sources */ = {isa = PBXBuildFile; fileRef = E01E42F62B5D9E3A00C93B28 /* AirbnbApp.swift */; };
		E01E42F92B5D9E3A00C93B28 /* ContentView.swift in Sources */ = {isa = PBXBuildFile; fileRef = E01E42F82B5D9E3A00C93B28 /* ContentView.swift */; };
		E01E42FB2B5D9E3B00C93B28 /* Assets.xcassets in Resources */ = {isa = PBXBuildFile; fileRef = E01E42FA2B5D9E3B00C93B28 /* Assets.xcassets */; };
		E01E42FE2B5D9E3B00C93B28 /* Preview Assets.xcassets in Resources */ = {isa = PBXBuildFile; fileRef = E01E42FD2B5D9E3B00C93B28 /* Preview Assets.xcassets */; };
		E01E43112B5D9F4D00C93B28 /* ExploreView.swift in Sources */ = {isa = PBXBuildFile; fileRef = E01E43102B5D9F4D00C93B28 /* ExploreView.swift */; };
		E01E43132B5DA02100C93B28 /* ListingItemView.swift in Sources */ = {isa = PBXBuildFile; fileRef = E01E43122B5DA02100C93B28 /* ListingItemView.swift */; };
/* End PBXBuildFile section */

/* Begin PBXFileReference section */
		E001430F2B5DC0FC00EE7D0C /* SearchAndFilterBar.swift */ = {isa = PBXFileReference; lastKnownFileType = sourcecode.swift; path = SearchAndFilterBar.swift; sourceTree = "<group>"; };
		E00143112B5DC66900EE7D0C /* ListingDetailView.swift */ = {isa = PBXFileReference; lastKnownFileType = sourcecode.swift; path = ListingDetailView.swift; sourceTree = "<group>"; };
		E00143142B5DC7BC00EE7D0C /* ListingImageCarouselView.swift */ = {isa = PBXFileReference; lastKnownFileType = sourcecode.swift; path = ListingImageCarouselView.swift; sourceTree = "<group>"; };
		E00143162B5DCA3100EE7D0C /* RatingView.swift */ = {isa = PBXFileReference; lastKnownFileType = sourcecode.swift; path = RatingView.swift; sourceTree = "<group>"; };
		E00143182B5DCFFF00EE7D0C /* LeadingEdgeModifier.swift */ = {isa = PBXFileReference; lastKnownFileType = sourcecode.swift; name = LeadingEdgeModifier.swift; path = Airbnb/Core/Components/LeadingEdgeModifier.swift; sourceTree = SOURCE_ROOT; };
		E01E42F32B5D9E3A00C93B28 /* Airbnb.app */ = {isa = PBXFileReference; explicitFileType = wrapper.application; includeInIndex = 0; path = Airbnb.app; sourceTree = BUILT_PRODUCTS_DIR; };
		E01E42F62B5D9E3A00C93B28 /* AirbnbApp.swift */ = {isa = PBXFileReference; lastKnownFileType = sourcecode.swift; path = AirbnbApp.swift; sourceTree = "<group>"; };
		E01E42F82B5D9E3A00C93B28 /* ContentView.swift */ = {isa = PBXFileReference; lastKnownFileType = sourcecode.swift; path = ContentView.swift; sourceTree = "<group>"; };
		E01E42FA2B5D9E3B00C93B28 /* Assets.xcassets */ = {isa = PBXFileReference; lastKnownFileType = folder.assetcatalog; path = Assets.xcassets; sourceTree = "<group>"; };
		E01E42FD2B5D9E3B00C93B28 /* Preview Assets.xcassets */ = {isa = PBXFileReference; lastKnownFileType = folder.assetcatalog; path = "Preview Assets.xcassets"; sourceTree = "<group>"; };
		E01E43102B5D9F4D00C93B28 /* ExploreView.swift */ = {isa = PBXFileReference; lastKnownFileType = sourcecode.swift; path = ExploreView.swift; sourceTree = "<group>"; };
		E01E43122B5DA02100C93B28 /* ListingItemView.swift */ = {isa = PBXFileReference; lastKnownFileType = sourcecode.swift; path = ListingItemView.swift; sourceTree = "<group>"; };
/* End PBXFileReference section */

/* Begin PBXFrameworksBuildPhase section */
		E01E42F02B5D9E3A00C93B28 /* Frameworks */ = {
			isa = PBXFrameworksBuildPhase;
			buildActionMask = 2147483647;
			files = (
			);
			runOnlyForDeploymentPostprocessing = 0;
		};
/* End PBXFrameworksBuildPhase section */

/* Begin PBXGroup section */
		E00143132B5DC79700EE7D0C /* Components */ = {
			isa = PBXGroup;
			children = (
				E00143142B5DC7BC00EE7D0C /* ListingImageCarouselView.swift */,
				E00143162B5DCA3100EE7D0C /* RatingView.swift */,
			);
			path = Components;
			sourceTree = "<group>";
		};
		E01E42EA2B5D9E3A00C93B28 = {
			isa = PBXGroup;
			children = (
				E01E42F52B5D9E3A00C93B28 /* Airbnb */,
				E01E42F42B5D9E3A00C93B28 /* Products */,
			);
			sourceTree = "<group>";
		};
		E01E42F42B5D9E3A00C93B28 /* Products */ = {
			isa = PBXGroup;
			children = (
				E01E42F32B5D9E3A00C93B28 /* Airbnb.app */,
			);
			name = Products;
			sourceTree = "<group>";
		};
		E01E42F52B5D9E3A00C93B28 /* Airbnb */ = {
			isa = PBXGroup;
			children = (
				E01E43082B5D9E9500C93B28 /* App */,
				E01E43072B5D9E9200C93B28 /* Core */,
				E01E43062B5D9E9000C93B28 /* Extensions */,
				E01E43052B5D9E8E00C93B28 /* Models */,
				E01E43042B5D9E8100C93B28 /* Utils */,
				E01E42FA2B5D9E3B00C93B28 /* Assets.xcassets */,
				E01E42FC2B5D9E3B00C93B28 /* Preview Content */,
			);
			path = Airbnb;
			sourceTree = "<group>";
		};
		E01E42FC2B5D9E3B00C93B28 /* Preview Content */ = {
			isa = PBXGroup;
			children = (
				E01E42FD2B5D9E3B00C93B28 /* Preview Assets.xcassets */,
			);
			path = "Preview Content";
			sourceTree = "<group>";
		};
		E01E43042B5D9E8100C93B28 /* Utils */ = {
			isa = PBXGroup;
			children = (
				E00143182B5DCFFF00EE7D0C /* LeadingEdgeModifier.swift */,
			);
			path = Utils;
			sourceTree = "<group>";
		};
		E01E43052B5D9E8E00C93B28 /* Models */ = {
			isa = PBXGroup;
			children = (
			);
			path = Models;
			sourceTree = "<group>";
		};
		E01E43062B5D9E9000C93B28 /* Extensions */ = {
			isa = PBXGroup;
			children = (
			);
			path = Extensions;
			sourceTree = "<group>";
		};
		E01E43072B5D9E9200C93B28 /* Core */ = {
			isa = PBXGroup;
			children = (
				E00143132B5DC79700EE7D0C /* Components */,
				E01E43092B5D9ED100C93B28 /* Explore */,
				E01E430A2B5D9ED600C93B28 /* Listings */,
				E01E430B2B5D9EDC00C93B28 /* MapView */,
				E01E430C2B5D9EE200C93B28 /* Profile */,
				E01E430D2B5D9EE800C93B28 /* Root */,
				E01E430E2B5D9EEC00C93B28 /* TabBar */,
				E01E430F2B5D9EF100C93B28 /* WishList */,
			);
			path = Core;
			sourceTree = "<group>";
		};
		E01E43082B5D9E9500C93B28 /* App */ = {
			isa = PBXGroup;
			children = (
				E01E42F62B5D9E3A00C93B28 /* AirbnbApp.swift */,
			);
			path = App;
			sourceTree = "<group>";
		};
		E01E43092B5D9ED100C93B28 /* Explore */ = {
			isa = PBXGroup;
			children = (
				E01E43102B5D9F4D00C93B28 /* ExploreView.swift */,
				E001430F2B5DC0FC00EE7D0C /* SearchAndFilterBar.swift */,
			);
			path = Explore;
			sourceTree = "<group>";
		};
		E01E430A2B5D9ED600C93B28 /* Listings */ = {
			isa = PBXGroup;
			children = (
				E00143112B5DC66900EE7D0C /* ListingDetailView.swift */,
				E01E43122B5DA02100C93B28 /* ListingItemView.swift */,
			);
			path = Listings;
			sourceTree = "<group>";
		};
		E01E430B2B5D9EDC00C93B28 /* MapView */ = {
			isa = PBXGroup;
			children = (
			);
			path = MapView;
			sourceTree = "<group>";
		};
		E01E430C2B5D9EE200C93B28 /* Profile */ = {
			isa = PBXGroup;
			children = (
			);
			path = Profile;
			sourceTree = "<group>";
		};
		E01E430D2B5D9EE800C93B28 /* Root */ = {
			isa = PBXGroup;
			children = (
				E01E42F82B5D9E3A00C93B28 /* ContentView.swift */,
			);
			path = Root;
			sourceTree = "<group>";
		};
		E01E430E2B5D9EEC00C93B28 /* TabBar */ = {
			isa = PBXGroup;
			children = (
			);
			path = TabBar;
			sourceTree = "<group>";
		};
		E01E430F2B5D9EF100C93B28 /* WishList */ = {
			isa = PBXGroup;
			children = (
			);
			path = WishList;
			sourceTree = "<group>";
		};
/* End PBXGroup section */

/* Begin PBXNativeTarget section */
		E01E42F22B5D9E3A00C93B28 /* Airbnb */ = {
			isa = PBXNativeTarget;
			buildConfigurationList = E01E43012B5D9E3B00C93B28 /* Build configuration list for PBXNativeTarget "Airbnb" */;
			buildPhases = (
				E01E42EF2B5D9E3A00C93B28 /* Sources */,
				E01E42F02B5D9E3A00C93B28 /* Frameworks */,
				E01E42F12B5D9E3A00C93B28 /* Resources */,
			);
			buildRules = (
			);
			dependencies = (
			);
			name = Airbnb;
			productName = Airbnb;
			productReference = E01E42F32B5D9E3A00C93B28 /* Airbnb.app */;
			productType = "com.apple.product-type.application";
		};
/* End PBXNativeTarget section */

/* Begin PBXProject section */
		E01E42EB2B5D9E3A00C93B28 /* Project object */ = {
			isa = PBXProject;
			attributes = {
				BuildIndependentTargetsInParallel = 1;
				LastSwiftUpdateCheck = 1500;
				LastUpgradeCheck = 1500;
				TargetAttributes = {
					E01E42F22B5D9E3A00C93B28 = {
						CreatedOnToolsVersion = 15.0.1;
					};
				};
			};
			buildConfigurationList = E01E42EE2B5D9E3A00C93B28 /* Build configuration list for PBXProject "Airbnb" */;
			compatibilityVersion = "Xcode 14.0";
			developmentRegion = en;
			hasScannedForEncodings = 0;
			knownRegions = (
				en,
				Base,
			);
			mainGroup = E01E42EA2B5D9E3A00C93B28;
			productRefGroup = E01E42F42B5D9E3A00C93B28 /* Products */;
			projectDirPath = "";
			projectRoot = "";
			targets = (
				E01E42F22B5D9E3A00C93B28 /* Airbnb */,
			);
		};
/* End PBXProject section */

/* Begin PBXResourcesBuildPhase section */
		E01E42F12B5D9E3A00C93B28 /* Resources */ = {
			isa = PBXResourcesBuildPhase;
			buildActionMask = 2147483647;
			files = (
				E01E42FE2B5D9E3B00C93B28 /* Preview Assets.xcassets in Resources */,
				E01E42FB2B5D9E3B00C93B28 /* Assets.xcassets in Resources */,
			);
			runOnlyForDeploymentPostprocessing = 0;
		};
/* End PBXResourcesBuildPhase section */

/* Begin PBXSourcesBuildPhase section */
		E01E42EF2B5D9E3A00C93B28 /* Sources */ = {
			isa = PBXSourcesBuildPhase;
			buildActionMask = 2147483647;
			files = (
				E01E42F92B5D9E3A00C93B28 /* ContentView.swift in Sources */,
				E01E43132B5DA02100C93B28 /* ListingItemView.swift in Sources */,
				E01E43112B5D9F4D00C93B28 /* ExploreView.swift in Sources */,
				E00143172B5DCA3100EE7D0C /* RatingView.swift in Sources */,
				E00143102B5DC0FC00EE7D0C /* SearchAndFilterBar.swift in Sources */,
				E00143122B5DC66900EE7D0C /* ListingDetailView.swift in Sources */,
				E01E42F72B5D9E3A00C93B28 /* AirbnbApp.swift in Sources */,
				E00143152B5DC7BC00EE7D0C /* ListingImageCarouselView.swift in Sources */,
				E00143192B5DCFFF00EE7D0C /* LeadingEdgeModifier.swift in Sources */,
			);
			runOnlyForDeploymentPostprocessing = 0;
		};
/* End PBXSourcesBuildPhase section */

/* Begin XCBuildConfiguration section */
		E01E42FF2B5D9E3B00C93B28 /* Debug */ = {
			isa = XCBuildConfiguration;
			buildSettings = {
				ALWAYS_SEARCH_USER_PATHS = NO;
				ASSETCATALOG_COMPILER_GENERATE_SWIFT_ASSET_SYMBOL_EXTENSIONS = YES;
				CLANG_ANALYZER_NONNULL = YES;
				CLANG_ANALYZER_NUMBER_OBJECT_CONVERSION = YES_AGGRESSIVE;
				CLANG_CXX_LANGUAGE_STANDARD = "gnu++20";
				CLANG_ENABLE_MODULES = YES;
				CLANG_ENABLE_OBJC_ARC = YES;
				CLANG_ENABLE_OBJC_WEAK = YES;
				CLANG_WARN_BLOCK_CAPTURE_AUTORELEASING = YES;
				CLANG_WARN_BOOL_CONVERSION = YES;
				CLANG_WARN_COMMA = YES;
				CLANG_WARN_CONSTANT_CONVERSION = YES;
				CLANG_WARN_DEPRECATED_OBJC_IMPLEMENTATIONS = YES;
				CLANG_WARN_DIRECT_OBJC_ISA_USAGE = YES_ERROR;
				CLANG_WARN_DOCUMENTATION_COMMENTS = YES;
				CLANG_WARN_EMPTY_BODY = YES;
				CLANG_WARN_ENUM_CONVERSION = YES;
				CLANG_WARN_INFINITE_RECURSION = YES;
				CLANG_WARN_INT_CONVERSION = YES;
				CLANG_WARN_NON_LITERAL_NULL_CONVERSION = YES;
				CLANG_WARN_OBJC_IMPLICIT_RETAIN_SELF = YES;
				CLANG_WARN_OBJC_LITERAL_CONVERSION = YES;
				CLANG_WARN_OBJC_ROOT_CLASS = YES_ERROR;
				CLANG_WARN_QUOTED_INCLUDE_IN_FRAMEWORK_HEADER = YES;
				CLANG_WARN_RANGE_LOOP_ANALYSIS = YES;
				CLANG_WARN_STRICT_PROTOTYPES = YES;
				CLANG_WARN_SUSPICIOUS_MOVE = YES;
				CLANG_WARN_UNGUARDED_AVAILABILITY = YES_AGGRESSIVE;
				CLANG_WARN_UNREACHABLE_CODE = YES;
				CLANG_WARN__DUPLICATE_METHOD_MATCH = YES;
				COPY_PHASE_STRIP = NO;
				DEBUG_INFORMATION_FORMAT = dwarf;
				ENABLE_STRICT_OBJC_MSGSEND = YES;
				ENABLE_TESTABILITY = YES;
				ENABLE_USER_SCRIPT_SANDBOXING = YES;
				GCC_C_LANGUAGE_STANDARD = gnu17;
				GCC_DYNAMIC_NO_PIC = NO;
				GCC_NO_COMMON_BLOCKS = YES;
				GCC_OPTIMIZATION_LEVEL = 0;
				GCC_PREPROCESSOR_DEFINITIONS = (
					"DEBUG=1",
					"$(inherited)",
				);
				GCC_WARN_64_TO_32_BIT_CONVERSION = YES;
				GCC_WARN_ABOUT_RETURN_TYPE = YES_ERROR;
				GCC_WARN_UNDECLARED_SELECTOR = YES;
				GCC_WARN_UNINITIALIZED_AUTOS = YES_AGGRESSIVE;
				GCC_WARN_UNUSED_FUNCTION = YES;
				GCC_WARN_UNUSED_VARIABLE = YES;
				IPHONEOS_DEPLOYMENT_TARGET = 17.0;
				LOCALIZATION_PREFERS_STRING_CATALOGS = YES;
				MTL_ENABLE_DEBUG_INFO = INCLUDE_SOURCE;
				MTL_FAST_MATH = YES;
				ONLY_ACTIVE_ARCH = YES;
				SDKROOT = iphoneos;
				SWIFT_ACTIVE_COMPILATION_CONDITIONS = "DEBUG $(inherited)";
				SWIFT_OPTIMIZATION_LEVEL = "-Onone";
			};
			name = Debug;
		};
		E01E43002B5D9E3B00C93B28 /* Release */ = {
			isa = XCBuildConfiguration;
			buildSettings = {
				ALWAYS_SEARCH_USER_PATHS = NO;
				ASSETCATALOG_COMPILER_GENERATE_SWIFT_ASSET_SYMBOL_EXTENSIONS = YES;
				CLANG_ANALYZER_NONNULL = YES;
				CLANG_ANALYZER_NUMBER_OBJECT_CONVERSION = YES_AGGRESSIVE;
				CLANG_CXX_LANGUAGE_STANDARD = "gnu++20";
				CLANG_ENABLE_MODULES = YES;
				CLANG_ENABLE_OBJC_ARC = YES;
				CLANG_ENABLE_OBJC_WEAK = YES;
				CLANG_WARN_BLOCK_CAPTURE_AUTORELEASING = YES;
				CLANG_WARN_BOOL_CONVERSION = YES;
				CLANG_WARN_COMMA = YES;
				CLANG_WARN_CONSTANT_CONVERSION = YES;
				CLANG_WARN_DEPRECATED_OBJC_IMPLEMENTATIONS = YES;
				CLANG_WARN_DIRECT_OBJC_ISA_USAGE = YES_ERROR;
				CLANG_WARN_DOCUMENTATION_COMMENTS = YES;
				CLANG_WARN_EMPTY_BODY = YES;
				CLANG_WARN_ENUM_CONVERSION = YES;
				CLANG_WARN_INFINITE_RECURSION = YES;
				CLANG_WARN_INT_CONVERSION = YES;
				CLANG_WARN_NON_LITERAL_NULL_CONVERSION = YES;
				CLANG_WARN_OBJC_IMPLICIT_RETAIN_SELF = YES;
				CLANG_WARN_OBJC_LITERAL_CONVERSION = YES;
				CLANG_WARN_OBJC_ROOT_CLASS = YES_ERROR;
				CLANG_WARN_QUOTED_INCLUDE_IN_FRAMEWORK_HEADER = YES;
				CLANG_WARN_RANGE_LOOP_ANALYSIS = YES;
				CLANG_WARN_STRICT_PROTOTYPES = YES;
				CLANG_WARN_SUSPICIOUS_MOVE = YES;
				CLANG_WARN_UNGUARDED_AVAILABILITY = YES_AGGRESSIVE;
				CLANG_WARN_UNREACHABLE_CODE = YES;
				CLANG_WARN__DUPLICATE_METHOD_MATCH = YES;
				COPY_PHASE_STRIP = NO;
				DEBUG_INFORMATION_FORMAT = "dwarf-with-dsym";
				ENABLE_NS_ASSERTIONS = NO;
				ENABLE_STRICT_OBJC_MSGSEND = YES;
				ENABLE_USER_SCRIPT_SANDBOXING = YES;
				GCC_C_LANGUAGE_STANDARD = gnu17;
				GCC_NO_COMMON_BLOCKS = YES;
				GCC_WARN_64_TO_32_BIT_CONVERSION = YES;
				GCC_WARN_ABOUT_RETURN_TYPE = YES_ERROR;
				GCC_WARN_UNDECLARED_SELECTOR = YES;
				GCC_WARN_UNINITIALIZED_AUTOS = YES_AGGRESSIVE;
				GCC_WARN_UNUSED_FUNCTION = YES;
				GCC_WARN_UNUSED_VARIABLE = YES;
				IPHONEOS_DEPLOYMENT_TARGET = 17.0;
				LOCALIZATION_PREFERS_STRING_CATALOGS = YES;
				MTL_ENABLE_DEBUG_INFO = NO;
				MTL_FAST_MATH = YES;
				SDKROOT = iphoneos;
				SWIFT_COMPILATION_MODE = wholemodule;
				VALIDATE_PRODUCT = YES;
			};
			name = Release;
		};
		E01E43022B5D9E3B00C93B28 /* Debug */ = {
			isa = XCBuildConfiguration;
			buildSettings = {
				ASSETCATALOG_COMPILER_APPICON_NAME = AppIcon;
				ASSETCATALOG_COMPILER_GLOBAL_ACCENT_COLOR_NAME = AccentColor;
				CODE_SIGN_STYLE = Automatic;
				CURRENT_PROJECT_VERSION = 1;
				DEVELOPMENT_ASSET_PATHS = "\"Airbnb/Preview Content\"";
				DEVELOPMENT_TEAM = 4Y6FH4D2V4;
				ENABLE_PREVIEWS = YES;
				GENERATE_INFOPLIST_FILE = YES;
				INFOPLIST_KEY_UIApplicationSceneManifest_Generation = YES;
				INFOPLIST_KEY_UIApplicationSupportsIndirectInputEvents = YES;
				INFOPLIST_KEY_UILaunchScreen_Generation = YES;
				INFOPLIST_KEY_UISupportedInterfaceOrientations_iPad = "UIInterfaceOrientationPortrait UIInterfaceOrientationPortraitUpsideDown UIInterfaceOrientationLandscapeLeft UIInterfaceOrientationLandscapeRight";
				INFOPLIST_KEY_UISupportedInterfaceOrientations_iPhone = "UIInterfaceOrientationPortrait UIInterfaceOrientationLandscapeLeft UIInterfaceOrientationLandscapeRight";
				LD_RUNPATH_SEARCH_PATHS = (
					"$(inherited)",
					"@executable_path/Frameworks",
				);
				MARKETING_VERSION = 1.0;
				PRODUCT_BUNDLE_IDENTIFIER = com.sweeney.Airbnb;
				PRODUCT_NAME = "$(TARGET_NAME)";
				SWIFT_EMIT_LOC_STRINGS = YES;
				SWIFT_VERSION = 5.0;
				TARGETED_DEVICE_FAMILY = "1,2";
			};
			name = Debug;
		};
		E01E43032B5D9E3B00C93B28 /* Release */ = {
			isa = XCBuildConfiguration;
			buildSettings = {
				ASSETCATALOG_COMPILER_APPICON_NAME = AppIcon;
				ASSETCATALOG_COMPILER_GLOBAL_ACCENT_COLOR_NAME = AccentColor;
				CODE_SIGN_STYLE = Automatic;
				CURRENT_PROJECT_VERSION = 1;
				DEVELOPMENT_ASSET_PATHS = "\"Airbnb/Preview Content\"";
				DEVELOPMENT_TEAM = 4Y6FH4D2V4;
				ENABLE_PREVIEWS = YES;
				GENERATE_INFOPLIST_FILE = YES;
				INFOPLIST_KEY_UIApplicationSceneManifest_Generation = YES;
				INFOPLIST_KEY_UIApplicationSupportsIndirectInputEvents = YES;
				INFOPLIST_KEY_UILaunchScreen_Generation = YES;
				INFOPLIST_KEY_UISupportedInterfaceOrientations_iPad = "UIInterfaceOrientationPortrait UIInterfaceOrientationPortraitUpsideDown UIInterfaceOrientationLandscapeLeft UIInterfaceOrientationLandscapeRight";
				INFOPLIST_KEY_UISupportedInterfaceOrientations_iPhone = "UIInterfaceOrientationPortrait UIInterfaceOrientationLandscapeLeft UIInterfaceOrientationLandscapeRight";
				LD_RUNPATH_SEARCH_PATHS = (
					"$(inherited)",
					"@executable_path/Frameworks",
				);
				MARKETING_VERSION = 1.0;
				PRODUCT_BUNDLE_IDENTIFIER = com.sweeney.Airbnb;
				PRODUCT_NAME = "$(TARGET_NAME)";
				SWIFT_EMIT_LOC_STRINGS = YES;
				SWIFT_VERSION = 5.0;
				TARGETED_DEVICE_FAMILY = "1,2";
			};
			name = Release;
		};
/* End XCBuildConfiguration section */

/* Begin XCConfigurationList section */
		E01E42EE2B5D9E3A00C93B28 /* Build configuration list for PBXProject "Airbnb" */ = {
			isa = XCConfigurationList;
			buildConfigurations = (
				E01E42FF2B5D9E3B00C93B28 /* Debug */,
				E01E43002B5D9E3B00C93B28 /* Release */,
			);
			defaultConfigurationIsVisible = 0;
			defaultConfigurationName = Release;
		};
		E01E43012B5D9E3B00C93B28 /* Build configuration list for PBXNativeTarget "Airbnb" */ = {
			isa = XCConfigurationList;
			buildConfigurations = (
				E01E43022B5D9E3B00C93B28 /* Debug */,
				E01E43032B5D9E3B00C93B28 /* Release */,
			);
			defaultConfigurationIsVisible = 0;
			defaultConfigurationName = Release;
		};
/* End XCConfigurationList section */
	};
	rootObject = E01E42EB2B5D9E3A00C93B28 /* Project object */;
}
